{
	"name": "rocket-store-example",
	"lockfileVersion": 3,
	"requires": true,
	"packages": {
		"": {
			"name": "rocket-store-example",
			"dependencies": {
				"rocket-store": "file:../.."
			}
		},
		"../..": {
			"version": "0.10.19",
			"license": "MIT",
			"dependencies": {
				"glob-to-regexp": ">0.4.0"
			},
			"devDependencies": {
				"jest": "^29.7.0",
				"rollup": "^4.21.2",
				"typescript": "^5.2.2"
			},
			"peerDependencies": {
				"rollup": ">=0.66.0"
			}
		},
		"node_modules/rocket-store": {
			"resolved": "../..",
			"link": true
		}
	}
}
